# This file is generated by running "yarn install" inside your project.
# Manual changes might be lost - proceed with caution!

__metadata:
  version: 5
  cacheKey: 8

"lightence-ant-design-react-template-main@workspace:.":
  version: 0.0.0-use.local
  resolution: "lightence-ant-design-react-template-main@workspace:."
  dependencies:
    node: 16
  languageName: unknown
  linkType: soft

"node-bin-setup@npm:^1.0.0":
  version: 1.1.3
  resolution: "node-bin-setup@npm:1.1.3"
  checksum: ae09c036dde8133f5226dc984445a8bdecc9b56078fd091f9e243e3965e544275f4786054041db60cc4ebc2957a5e44e8f316dfc15d100f3988ee2d04661d4bf
  languageName: node
  linkType: hard

"node@npm:16":
  version: 16.20.2
  resolution: "node@npm:16.20.2"
  dependencies:
    node-bin-setup: ^1.0.0
  bin:
    node: bin/node
  checksum: 1d0cac5f5efc1489489205cf0e664d988f1ab18b15f128d72c19e8e65690cebe518a98e35fe3ca9b5f53fe383186f8983772d4177e62755c46a7a8274406f269
  languageName: node
  linkType: hard
